
Microsoft Visual Studio Solution File, Format Version 12.00
# Visual Studio Version 17
VisualStudioVersion = 17.14.36301.6 d17.14
MinimumVisualStudioVersion = 10.0.40219.1
Project("{FAE04EC0-301F-11D3-BF4B-00C04F79EFBC}") = "SearchAutocomplete", "SearchAutocomplete.csproj", "{082008B3-E9E9-4C1B-0040-54E9D8DF2B92}"
EndProject
Global
	GlobalSection(SolutionConfigurationPlatforms) = preSolution
		Debug|Any CPU = Debug|Any CPU
		Release|Any CPU = Release|Any CPU
	EndGlobalSection
	GlobalSection(ProjectConfigurationPlatforms) = postSolution
		{082008B3-E9E9-4C1B-0040-54E9D8DF2B92}.Debug|Any CPU.ActiveCfg = Debug|Any CPU
		{082008B3-E9E9-4C1B-0040-54E9D8DF2B92}.Debug|Any CPU.Build.0 = Debug|Any CPU
		{082008B3-E9E9-4C1B-0040-54E9D8DF2B92}.Release|Any CPU.ActiveCfg = Release|Any CPU
		{082008B3-E9E9-4C1B-0040-54E9D8DF2B92}.Release|Any CPU.Build.0 = Release|Any CPU
	EndGlobalSection
	GlobalSection(SolutionProperties) = preSolution
		HideSolutionNode = FALSE
	EndGlobalSection
	GlobalSection(ExtensibilityGlobals) = postSolution
		SolutionGuid = {2E4347FE-3DD1-4527-8AF0-7F98B493F575}
	EndGlobalSection
EndGlobal
